
Microsoft Visual Studio Solution File, Format Version 12.00
# Visual Studio 14
VisualStudioVersion = 14.0.25420.1
MinimumVisualStudioVersion = 10.0.40219.1
Project("{FAE04EC0-301F-11D3-BF4B-00C04F79EFBC}") = "BlogFooEditor.Droid", "BlogFooEditor\BlogFooEditor.Droid\BlogFooEditor.Droid.csproj", "{BD802BCE-83C9-44E8-9D40-7A84AA5C0386}"
EndProject
Project("{FAE04EC0-301F-11D3-BF4B-00C04F79EFBC}") = "BlogFooEditor.iOS", "BlogFooEditor\BlogFooEditor.iOS\BlogFooEditor.iOS.csproj", "{FF81AFE4-B603-45EB-8AB0-29BB870E3A5B}"
EndProject
Project("{FAE04EC0-301F-11D3-BF4B-00C04F79EFBC}") = "BlogFooEditor.UWP", "BlogFooEditor\BlogFooEditor.UWP\BlogFooEditor.UWP.csproj", "{5159D317-99ED-4FD1-89D5-C337F1C3D644}"
EndProject
Project("{FAE04EC0-301F-11D3-BF4B-00C04F79EFBC}") = "BlogFooEditor", "BlogFooEditor\BlogFooEditor\BlogFooEditor.csproj", "{889AA9D7-10B4-4A2B-9B90-B2B03E199322}"
EndProject
Global
	GlobalSection(SolutionConfigurationPlatforms) = preSolution
		Ad-Hoc|Any CPU = Ad-Hoc|Any CPU
		Ad-Hoc|ARM = Ad-Hoc|ARM
		Ad-Hoc|iPhone = Ad-Hoc|iPhone
		Ad-Hoc|iPhoneSimulator = Ad-Hoc|iPhoneSimulator
		Ad-Hoc|x64 = Ad-Hoc|x64
		Ad-Hoc|x86 = Ad-Hoc|x86
		AppStore|Any CPU = AppStore|Any CPU
		AppStore|ARM = AppStore|ARM
		AppStore|iPhone = AppStore|iPhone
		AppStore|iPhoneSimulator = AppStore|iPhoneSimulator
		AppStore|x64 = AppStore|x64
		AppStore|x86 = AppStore|x86
		Debug|Any CPU = Debug|Any CPU
		Debug|ARM = Debug|ARM
		Debug|iPhone = Debug|iPhone
		Debug|iPhoneSimulator = Debug|iPhoneSimulator
		Debug|x64 = Debug|x64
		Debug|x86 = Debug|x86
		Release|Any CPU = Release|Any CPU
		Release|ARM = Release|ARM
		Release|iPhone = Release|iPhone
		Release|iPhoneSimulator = Release|iPhoneSimulator
		Release|x64 = Release|x64
		Release|x86 = Release|x86
	EndGlobalSection
	GlobalSection(ProjectConfigurationPlatforms) = postSolution
		{BD802BCE-83C9-44E8-9D40-7A84AA5C0386}.Ad-Hoc|Any CPU.ActiveCfg = Release|Any CPU
		{BD802BCE-83C9-44E8-9D40-7A84AA5C0386}.Ad-Hoc|Any CPU.Build.0 = Release|Any CPU
		{BD802BCE-83C9-44E8-9D40-7A84AA5C0386}.Ad-Hoc|Any CPU.Deploy.0 = Release|Any CPU
		{BD802BCE-83C9-44E8-9D40-7A84AA5C0386}.Ad-Hoc|ARM.ActiveCfg = Release|Any CPU
		{BD802BCE-83C9-44E8-9D40-7A84AA5C0386}.Ad-Hoc|ARM.Build.0 = Release|Any CPU
		{BD802BCE-83C9-44E8-9D40-7A84AA5C0386}.Ad-Hoc|ARM.Deploy.0 = Release|Any CPU
		{BD802BCE-83C9-44E8-9D40-7A84AA5C0386}.Ad-Hoc|iPhone.ActiveCfg = Release|Any CPU
		{BD802BCE-83C9-44E8-9D40-7A84AA5C0386}.Ad-Hoc|iPhone.Build.0 = Release|Any CPU
		{BD802BCE-83C9-44E8-9D40-7A84AA5C0386}.Ad-Hoc|iPhone.Deploy.0 = Release|Any CPU
		{BD802BCE-83C9-44E8-9D40-7A84AA5C0386}.Ad-Hoc|iPhoneSimulator.ActiveCfg = Release|Any CPU
		{BD802BCE-83C9-44E8-9D40-7A84AA5C0386}.Ad-Hoc|iPhoneSimulator.Build.0 = Release|Any CPU
		{BD802BCE-83C9-44E8-9D40-7A84AA5C0386}.Ad-Hoc|iPhoneSimulator.Deploy.0 = Release|Any CPU
		{BD802BCE-83C9-44E8-9D40-7A84AA5C0386}.Ad-Hoc|x64.ActiveCfg = Release|Any CPU
		{BD802BCE-83C9-44E8-9D40-7A84AA5C0386}.Ad-Hoc|x64.Build.0 = Release|Any CPU
		{BD802BCE-83C9-44E8-9D40-7A84AA5C0386}.Ad-Hoc|x64.Deploy.0 = Release|Any CPU
		{BD802BCE-83C9-44E8-9D40-7A84AA5C0386}.Ad-Hoc|x86.ActiveCfg = Release|Any CPU
		{BD802BCE-83C9-44E8-9D40-7A84AA5C0386}.Ad-Hoc|x86.Build.0 = Release|Any CPU
		{BD802BCE-83C9-44E8-9D40-7A84AA5C0386}.Ad-Hoc|x86.Deploy.0 = Release|Any CPU
		{BD802BCE-83C9-44E8-9D40-7A84AA5C0386}.AppStore|Any CPU.ActiveCfg = Release|Any CPU
		{BD802BCE-83C9-44E8-9D40-7A84AA5C0386}.AppStore|Any CPU.Build.0 = Release|Any CPU
		{BD802BCE-83C9-44E8-9D40-7A84AA5C0386}.AppStore|Any CPU.Deploy.0 = Release|Any CPU
		{BD802BCE-83C9-44E8-9D40-7A84AA5C0386}.AppStore|ARM.ActiveCfg = Release|Any CPU
		{BD802BCE-83C9-44E8-9D40-7A84AA5C0386}.AppStore|ARM.Build.0 = Release|Any CPU
		{BD802BCE-83C9-44E8-9D40-7A84AA5C0386}.AppStore|ARM.Deploy.0 = Release|Any CPU
		{BD802BCE-83C9-44E8-9D40-7A84AA5C0386}.AppStore|iPhone.ActiveCfg = Release|Any CPU
		{BD802BCE-83C9-44E8-9D40-7A84AA5C0386}.AppStore|iPhone.Build.0 = Release|Any CPU
		{BD802BCE-83C9-44E8-9D40-7A84AA5C0386}.AppStore|iPhone.Deploy.0 = Release|Any CPU
		{BD802BCE-83C9-44E8-9D40-7A84AA5C0386}.AppStore|iPhoneSimulator.ActiveCfg = Release|Any CPU
		{BD802BCE-83C9-44E8-9D40-7A84AA5C0386}.AppStore|iPhoneSimulator.Build.0 = Release|Any CPU
		{BD802BCE-83C9-44E8-9D40-7A84AA5C0386}.AppStore|iPhoneSimulator.Deploy.0 = Release|Any CPU
		{BD802BCE-83C9-44E8-9D40-7A84AA5C0386}.AppStore|x64.ActiveCfg = Release|Any CPU
		{BD802BCE-83C9-44E8-9D40-7A84AA5C0386}.AppStore|x64.Build.0 = Release|Any CPU
		{BD802BCE-83C9-44E8-9D40-7A84AA5C0386}.AppStore|x64.Deploy.0 = Release|Any CPU
		{BD802BCE-83C9-44E8-9D40-7A84AA5C0386}.AppStore|x86.ActiveCfg = Release|Any CPU
		{BD802BCE-83C9-44E8-9D40-7A84AA5C0386}.AppStore|x86.Build.0 = Release|Any CPU
		{BD802BCE-83C9-44E8-9D40-7A84AA5C0386}.AppStore|x86.Deploy.0 = Release|Any CPU
		{BD802BCE-83C9-44E8-9D40-7A84AA5C0386}.Debug|Any CPU.ActiveCfg = Debug|Any CPU
		{BD802BCE-83C9-44E8-9D40-7A84AA5C0386}.Debug|Any CPU.Build.0 = Debug|Any CPU
		{BD802BCE-83C9-44E8-9D40-7A84AA5C0386}.Debug|Any CPU.Deploy.0 = Debug|Any CPU
		{BD802BCE-83C9-44E8-9D40-7A84AA5C0386}.Debug|ARM.ActiveCfg = Debug|Any CPU
		{BD802BCE-83C9-44E8-9D40-7A84AA5C0386}.Debug|ARM.Build.0 = Debug|Any CPU
		{BD802BCE-83C9-44E8-9D40-7A84AA5C0386}.Debug|ARM.Deploy.0 = Debug|Any CPU
		{BD802BCE-83C9-44E8-9D40-7A84AA5C0386}.Debug|iPhone.ActiveCfg = Debug|Any CPU
		{BD802BCE-83C9-44E8-9D40-7A84AA5C0386}.Debug|iPhone.Build.0 = Debug|Any CPU
		{BD802BCE-83C9-44E8-9D40-7A84AA5C0386}.Debug|iPhone.Deploy.0 = Debug|Any CPU
		{BD802BCE-83C9-44E8-9D40-7A84AA5C0386}.Debug|iPhoneSimulator.ActiveCfg = Debug|Any CPU
		{BD802BCE-83C9-44E8-9D40-7A84AA5C0386}.Debug|iPhoneSimulator.Build.0 = Debug|Any CPU
		{BD802BCE-83C9-44E8-9D40-7A84AA5C0386}.Debug|iPhoneSimulator.Deploy.0 = Debug|Any CPU
		{BD802BCE-83C9-44E8-9D40-7A84AA5C0386}.Debug|x64.ActiveCfg = Debug|Any CPU
		{BD802BCE-83C9-44E8-9D40-7A84AA5C0386}.Debug|x64.Build.0 = Debug|Any CPU
		{BD802BCE-83C9-44E8-9D40-7A84AA5C0386}.Debug|x64.Deploy.0 = Debug|Any CPU
		{BD802BCE-83C9-44E8-9D40-7A84AA5C0386}.Debug|x86.ActiveCfg = Debug|Any CPU
		{BD802BCE-83C9-44E8-9D40-7A84AA5C0386}.Debug|x86.Build.0 = Debug|Any CPU
		{BD802BCE-83C9-44E8-9D40-7A84AA5C0386}.Debug|x86.Deploy.0 = Debug|Any CPU
		{BD802BCE-83C9-44E8-9D40-7A84AA5C0386}.Release|Any CPU.ActiveCfg = Release|Any CPU
		{BD802BCE-83C9-44E8-9D40-7A84AA5C0386}.Release|Any CPU.Build.0 = Release|Any CPU
		{BD802BCE-83C9-44E8-9D40-7A84AA5C0386}.Release|Any CPU.Deploy.0 = Release|Any CPU
		{BD802BCE-83C9-44E8-9D40-7A84AA5C0386}.Release|ARM.ActiveCfg = Release|Any CPU
		{BD802BCE-83C9-44E8-9D40-7A84AA5C0386}.Release|ARM.Build.0 = Release|Any CPU
		{BD802BCE-83C9-44E8-9D40-7A84AA5C0386}.Release|ARM.Deploy.0 = Release|Any CPU
		{BD802BCE-83C9-44E8-9D40-7A84AA5C0386}.Release|iPhone.ActiveCfg = Release|Any CPU
		{BD802BCE-83C9-44E8-9D40-7A84AA5C0386}.Release|iPhone.Build.0 = Release|Any CPU
		{BD802BCE-83C9-44E8-9D40-7A84AA5C0386}.Release|iPhone.Deploy.0 = Release|Any CPU
		{BD802BCE-83C9-44E8-9D40-7A84AA5C0386}.Release|iPhoneSimulator.ActiveCfg = Release|Any CPU
		{BD802BCE-83C9-44E8-9D40-7A84AA5C0386}.Release|iPhoneSimulator.Build.0 = Release|Any CPU
		{BD802BCE-83C9-44E8-9D40-7A84AA5C0386}.Release|iPhoneSimulator.Deploy.0 = Release|Any CPU
		{BD802BCE-83C9-44E8-9D40-7A84AA5C0386}.Release|x64.ActiveCfg = Release|Any CPU
		{BD802BCE-83C9-44E8-9D40-7A84AA5C0386}.Release|x64.Build.0 = Release|Any CPU
		{BD802BCE-83C9-44E8-9D40-7A84AA5C0386}.Release|x64.Deploy.0 = Release|Any CPU
		{BD802BCE-83C9-44E8-9D40-7A84AA5C0386}.Release|x86.ActiveCfg = Release|Any CPU
		{BD802BCE-83C9-44E8-9D40-7A84AA5C0386}.Release|x86.Build.0 = Release|Any CPU
		{BD802BCE-83C9-44E8-9D40-7A84AA5C0386}.Release|x86.Deploy.0 = Release|Any CPU
		{FF81AFE4-B603-45EB-8AB0-29BB870E3A5B}.Ad-Hoc|Any CPU.ActiveCfg = Ad-Hoc|iPhone
		{FF81AFE4-B603-45EB-8AB0-29BB870E3A5B}.Ad-Hoc|ARM.ActiveCfg = Ad-Hoc|iPhone
		{FF81AFE4-B603-45EB-8AB0-29BB870E3A5B}.Ad-Hoc|iPhone.ActiveCfg = Ad-Hoc|iPhone
		{FF81AFE4-B603-45EB-8AB0-29BB870E3A5B}.Ad-Hoc|iPhone.Build.0 = Ad-Hoc|iPhone
		{FF81AFE4-B603-45EB-8AB0-29BB870E3A5B}.Ad-Hoc|iPhoneSimulator.ActiveCfg = Ad-Hoc|iPhoneSimulator
		{FF81AFE4-B603-45EB-8AB0-29BB870E3A5B}.Ad-Hoc|iPhoneSimulator.Build.0 = Ad-Hoc|iPhoneSimulator
		{FF81AFE4-B603-45EB-8AB0-29BB870E3A5B}.Ad-Hoc|x64.ActiveCfg = Ad-Hoc|iPhone
		{FF81AFE4-B603-45EB-8AB0-29BB870E3A5B}.Ad-Hoc|x86.ActiveCfg = Ad-Hoc|iPhone
		{FF81AFE4-B603-45EB-8AB0-29BB870E3A5B}.AppStore|Any CPU.ActiveCfg = AppStore|iPhone
		{FF81AFE4-B603-45EB-8AB0-29BB870E3A5B}.AppStore|ARM.ActiveCfg = AppStore|iPhone
		{FF81AFE4-B603-45EB-8AB0-29BB870E3A5B}.AppStore|iPhone.ActiveCfg = AppStore|iPhone
		{FF81AFE4-B603-45EB-8AB0-29BB870E3A5B}.AppStore|iPhone.Build.0 = AppStore|iPhone
		{FF81AFE4-B603-45EB-8AB0-29BB870E3A5B}.AppStore|iPhoneSimulator.ActiveCfg = AppStore|iPhoneSimulator
		{FF81AFE4-B603-45EB-8AB0-29BB870E3A5B}.AppStore|iPhoneSimulator.Build.0 = AppStore|iPhoneSimulator
		{FF81AFE4-B603-45EB-8AB0-29BB870E3A5B}.AppStore|x64.ActiveCfg = AppStore|iPhone
		{FF81AFE4-B603-45EB-8AB0-29BB870E3A5B}.AppStore|x86.ActiveCfg = AppStore|iPhone
		{FF81AFE4-B603-45EB-8AB0-29BB870E3A5B}.Debug|Any CPU.ActiveCfg = Debug|iPhone
		{FF81AFE4-B603-45EB-8AB0-29BB870E3A5B}.Debug|ARM.ActiveCfg = Debug|iPhone
		{FF81AFE4-B603-45EB-8AB0-29BB870E3A5B}.Debug|iPhone.ActiveCfg = Debug|iPhone
		{FF81AFE4-B603-45EB-8AB0-29BB870E3A5B}.Debug|iPhone.Build.0 = Debug|iPhone
		{FF81AFE4-B603-45EB-8AB0-29BB870E3A5B}.Debug|iPhoneSimulator.ActiveCfg = Debug|iPhoneSimulator
		{FF81AFE4-B603-45EB-8AB0-29BB870E3A5B}.Debug|iPhoneSimulator.Build.0 = Debug|iPhoneSimulator
		{FF81AFE4-B603-45EB-8AB0-29BB870E3A5B}.Debug|x64.ActiveCfg = Debug|iPhone
		{FF81AFE4-B603-45EB-8AB0-29BB870E3A5B}.Debug|x86.ActiveCfg = Debug|iPhone
		{FF81AFE4-B603-45EB-8AB0-29BB870E3A5B}.Release|Any CPU.ActiveCfg = Release|iPhone
		{FF81AFE4-B603-45EB-8AB0-29BB870E3A5B}.Release|ARM.ActiveCfg = Release|iPhone
		{FF81AFE4-B603-45EB-8AB0-29BB870E3A5B}.Release|iPhone.ActiveCfg = Release|iPhone
		{FF81AFE4-B603-45EB-8AB0-29BB870E3A5B}.Release|iPhone.Build.0 = Release|iPhone
		{FF81AFE4-B603-45EB-8AB0-29BB870E3A5B}.Release|iPhoneSimulator.ActiveCfg = Release|iPhoneSimulator
		{FF81AFE4-B603-45EB-8AB0-29BB870E3A5B}.Release|iPhoneSimulator.Build.0 = Release|iPhoneSimulator
		{FF81AFE4-B603-45EB-8AB0-29BB870E3A5B}.Release|x64.ActiveCfg = Release|iPhone
		{FF81AFE4-B603-45EB-8AB0-29BB870E3A5B}.Release|x86.ActiveCfg = Release|iPhone
		{5159D317-99ED-4FD1-89D5-C337F1C3D644}.Ad-Hoc|Any CPU.ActiveCfg = Release|x86
		{5159D317-99ED-4FD1-89D5-C337F1C3D644}.Ad-Hoc|Any CPU.Build.0 = Release|x86
		{5159D317-99ED-4FD1-89D5-C337F1C3D644}.Ad-Hoc|Any CPU.Deploy.0 = Release|x86
		{5159D317-99ED-4FD1-89D5-C337F1C3D644}.Ad-Hoc|ARM.ActiveCfg = Release|ARM
		{5159D317-99ED-4FD1-89D5-C337F1C3D644}.Ad-Hoc|ARM.Build.0 = Release|ARM
		{5159D317-99ED-4FD1-89D5-C337F1C3D644}.Ad-Hoc|ARM.Deploy.0 = Release|ARM
		{5159D317-99ED-4FD1-89D5-C337F1C3D644}.Ad-Hoc|iPhone.ActiveCfg = Release|x86
		{5159D317-99ED-4FD1-89D5-C337F1C3D644}.Ad-Hoc|iPhone.Build.0 = Release|x86
		{5159D317-99ED-4FD1-89D5-C337F1C3D644}.Ad-Hoc|iPhone.Deploy.0 = Release|x86
		{5159D317-99ED-4FD1-89D5-C337F1C3D644}.Ad-Hoc|iPhoneSimulator.ActiveCfg = Release|x86
		{5159D317-99ED-4FD1-89D5-C337F1C3D644}.Ad-Hoc|iPhoneSimulator.Build.0 = Release|x86
		{5159D317-99ED-4FD1-89D5-C337F1C3D644}.Ad-Hoc|iPhoneSimulator.Deploy.0 = Release|x86
		{5159D317-99ED-4FD1-89D5-C337F1C3D644}.Ad-Hoc|x64.ActiveCfg = Release|x64
		{5159D317-99ED-4FD1-89D5-C337F1C3D644}.Ad-Hoc|x64.Build.0 = Release|x64
		{5159D317-99ED-4FD1-89D5-C337F1C3D644}.Ad-Hoc|x64.Deploy.0 = Release|x64
		{5159D317-99ED-4FD1-89D5-C337F1C3D644}.Ad-Hoc|x86.ActiveCfg = Release|x86
		{5159D317-99ED-4FD1-89D5-C337F1C3D644}.Ad-Hoc|x86.Build.0 = Release|x86
		{5159D317-99ED-4FD1-89D5-C337F1C3D644}.Ad-Hoc|x86.Deploy.0 = Release|x86
		{5159D317-99ED-4FD1-89D5-C337F1C3D644}.AppStore|Any CPU.ActiveCfg = Release|x86
		{5159D317-99ED-4FD1-89D5-C337F1C3D644}.AppStore|Any CPU.Build.0 = Release|x86
		{5159D317-99ED-4FD1-89D5-C337F1C3D644}.AppStore|Any CPU.Deploy.0 = Release|x86
		{5159D317-99ED-4FD1-89D5-C337F1C3D644}.AppStore|ARM.ActiveCfg = Release|ARM
		{5159D317-99ED-4FD1-89D5-C337F1C3D644}.AppStore|ARM.Build.0 = Release|ARM
		{5159D317-99ED-4FD1-89D5-C337F1C3D644}.AppStore|ARM.Deploy.0 = Release|ARM
		{5159D317-99ED-4FD1-89D5-C337F1C3D644}.AppStore|iPhone.ActiveCfg = Release|x86
		{5159D317-99ED-4FD1-89D5-C337F1C3D644}.AppStore|iPhone.Build.0 = Release|x86
		{5159D317-99ED-4FD1-89D5-C337F1C3D644}.AppStore|iPhone.Deploy.0 = Release|x86
		{5159D317-99ED-4FD1-89D5-C337F1C3D644}.AppStore|iPhoneSimulator.ActiveCfg = Release|x86
		{5159D317-99ED-4FD1-89D5-C337F1C3D644}.AppStore|iPhoneSimulator.Build.0 = Release|x86
		{5159D317-99ED-4FD1-89D5-C337F1C3D644}.AppStore|iPhoneSimulator.Deploy.0 = Release|x86
		{5159D317-99ED-4FD1-89D5-C337F1C3D644}.AppStore|x64.ActiveCfg = Release|x64
		{5159D317-99ED-4FD1-89D5-C337F1C3D644}.AppStore|x64.Build.0 = Release|x64
		{5159D317-99ED-4FD1-89D5-C337F1C3D644}.AppStore|x64.Deploy.0 = Release|x64
		{5159D317-99ED-4FD1-89D5-C337F1C3D644}.AppStore|x86.ActiveCfg = Release|x86
		{5159D317-99ED-4FD1-89D5-C337F1C3D644}.AppStore|x86.Build.0 = Release|x86
		{5159D317-99ED-4FD1-89D5-C337F1C3D644}.AppStore|x86.Deploy.0 = Release|x86
		{5159D317-99ED-4FD1-89D5-C337F1C3D644}.Debug|Any CPU.ActiveCfg = Debug|x86
		{5159D317-99ED-4FD1-89D5-C337F1C3D644}.Debug|Any CPU.Build.0 = Debug|x86
		{5159D317-99ED-4FD1-89D5-C337F1C3D644}.Debug|Any CPU.Deploy.0 = Debug|x86
		{5159D317-99ED-4FD1-89D5-C337F1C3D644}.Debug|ARM.ActiveCfg = Debug|ARM
		{5159D317-99ED-4FD1-89D5-C337F1C3D644}.Debug|ARM.Build.0 = Debug|ARM
		{5159D317-99ED-4FD1-89D5-C337F1C3D644}.Debug|ARM.Deploy.0 = Debug|ARM
		{5159D317-99ED-4FD1-89D5-C337F1C3D644}.Debug|iPhone.ActiveCfg = Debug|x86
		{5159D317-99ED-4FD1-89D5-C337F1C3D644}.Debug|iPhoneSimulator.ActiveCfg = Debug|x86
		{5159D317-99ED-4FD1-89D5-C337F1C3D644}.Debug|x64.ActiveCfg = Debug|x64
		{5159D317-99ED-4FD1-89D5-C337F1C3D644}.Debug|x64.Build.0 = Debug|x64
		{5159D317-99ED-4FD1-89D5-C337F1C3D644}.Debug|x64.Deploy.0 = Debug|x64
		{5159D317-99ED-4FD1-89D5-C337F1C3D644}.Debug|x86.ActiveCfg = Debug|x86
		{5159D317-99ED-4FD1-89D5-C337F1C3D644}.Debug|x86.Build.0 = Debug|x86
		{5159D317-99ED-4FD1-89D5-C337F1C3D644}.Debug|x86.Deploy.0 = Debug|x86
		{5159D317-99ED-4FD1-89D5-C337F1C3D644}.Release|Any CPU.ActiveCfg = Release|x86
		{5159D317-99ED-4FD1-89D5-C337F1C3D644}.Release|ARM.ActiveCfg = Release|ARM
		{5159D317-99ED-4FD1-89D5-C337F1C3D644}.Release|ARM.Build.0 = Release|ARM
		{5159D317-99ED-4FD1-89D5-C337F1C3D644}.Release|ARM.Deploy.0 = Release|ARM
		{5159D317-99ED-4FD1-89D5-C337F1C3D644}.Release|iPhone.ActiveCfg = Release|x86
		{5159D317-99ED-4FD1-89D5-C337F1C3D644}.Release|iPhoneSimulator.ActiveCfg = Release|x86
		{5159D317-99ED-4FD1-89D5-C337F1C3D644}.Release|x64.ActiveCfg = Release|x64
		{5159D317-99ED-4FD1-89D5-C337F1C3D644}.Release|x64.Build.0 = Release|x64
		{5159D317-99ED-4FD1-89D5-C337F1C3D644}.Release|x64.Deploy.0 = Release|x64
		{5159D317-99ED-4FD1-89D5-C337F1C3D644}.Release|x86.ActiveCfg = Release|x86
		{5159D317-99ED-4FD1-89D5-C337F1C3D644}.Release|x86.Build.0 = Release|x86
		{5159D317-99ED-4FD1-89D5-C337F1C3D644}.Release|x86.Deploy.0 = Release|x86
		{889AA9D7-10B4-4A2B-9B90-B2B03E199322}.Ad-Hoc|Any CPU.ActiveCfg = Release|Any CPU
		{889AA9D7-10B4-4A2B-9B90-B2B03E199322}.Ad-Hoc|Any CPU.Build.0 = Release|Any CPU
		{889AA9D7-10B4-4A2B-9B90-B2B03E199322}.Ad-Hoc|ARM.ActiveCfg = Release|Any CPU
		{889AA9D7-10B4-4A2B-9B90-B2B03E199322}.Ad-Hoc|ARM.Build.0 = Release|Any CPU
		{889AA9D7-10B4-4A2B-9B90-B2B03E199322}.Ad-Hoc|iPhone.ActiveCfg = Release|Any CPU
		{889AA9D7-10B4-4A2B-9B90-B2B03E199322}.Ad-Hoc|iPhone.Build.0 = Release|Any CPU
		{889AA9D7-10B4-4A2B-9B90-B2B03E199322}.Ad-Hoc|iPhoneSimulator.ActiveCfg = Release|Any CPU
		{889AA9D7-10B4-4A2B-9B90-B2B03E199322}.Ad-Hoc|iPhoneSimulator.Build.0 = Release|Any CPU
		{889AA9D7-10B4-4A2B-9B90-B2B03E199322}.Ad-Hoc|x64.ActiveCfg = Release|Any CPU
		{889AA9D7-10B4-4A2B-9B90-B2B03E199322}.Ad-Hoc|x64.Build.0 = Release|Any CPU
		{889AA9D7-10B4-4A2B-9B90-B2B03E199322}.Ad-Hoc|x86.ActiveCfg = Release|Any CPU
		{889AA9D7-10B4-4A2B-9B90-B2B03E199322}.Ad-Hoc|x86.Build.0 = Release|Any CPU
		{889AA9D7-10B4-4A2B-9B90-B2B03E199322}.AppStore|Any CPU.ActiveCfg = Release|Any CPU
		{889AA9D7-10B4-4A2B-9B90-B2B03E199322}.AppStore|Any CPU.Build.0 = Release|Any CPU
		{889AA9D7-10B4-4A2B-9B90-B2B03E199322}.AppStore|ARM.ActiveCfg = Release|Any CPU
		{889AA9D7-10B4-4A2B-9B90-B2B03E199322}.AppStore|ARM.Build.0 = Release|Any CPU
		{889AA9D7-10B4-4A2B-9B90-B2B03E199322}.AppStore|iPhone.ActiveCfg = Release|Any CPU
		{889AA9D7-10B4-4A2B-9B90-B2B03E199322}.AppStore|iPhone.Build.0 = Release|Any CPU
		{889AA9D7-10B4-4A2B-9B90-B2B03E199322}.AppStore|iPhoneSimulator.ActiveCfg = Release|Any CPU
		{889AA9D7-10B4-4A2B-9B90-B2B03E199322}.AppStore|iPhoneSimulator.Build.0 = Release|Any CPU
		{889AA9D7-10B4-4A2B-9B90-B2B03E199322}.AppStore|x64.ActiveCfg = Release|Any CPU
		{889AA9D7-10B4-4A2B-9B90-B2B03E199322}.AppStore|x64.Build.0 = Release|Any CPU
		{889AA9D7-10B4-4A2B-9B90-B2B03E199322}.AppStore|x86.ActiveCfg = Release|Any CPU
		{889AA9D7-10B4-4A2B-9B90-B2B03E199322}.AppStore|x86.Build.0 = Release|Any CPU
		{889AA9D7-10B4-4A2B-9B90-B2B03E199322}.Debug|Any CPU.ActiveCfg = Debug|Any CPU
		{889AA9D7-10B4-4A2B-9B90-B2B03E199322}.Debug|Any CPU.Build.0 = Debug|Any CPU
		{889AA9D7-10B4-4A2B-9B90-B2B03E199322}.Debug|ARM.ActiveCfg = Debug|Any CPU
		{889AA9D7-10B4-4A2B-9B90-B2B03E199322}.Debug|ARM.Build.0 = Debug|Any CPU
		{889AA9D7-10B4-4A2B-9B90-B2B03E199322}.Debug|iPhone.ActiveCfg = Debug|Any CPU
		{889AA9D7-10B4-4A2B-9B90-B2B03E199322}.Debug|iPhone.Build.0 = Debug|Any CPU
		{889AA9D7-10B4-4A2B-9B90-B2B03E199322}.Debug|iPhoneSimulator.ActiveCfg = Debug|Any CPU
		{889AA9D7-10B4-4A2B-9B90-B2B03E199322}.Debug|iPhoneSimulator.Build.0 = Debug|Any CPU
		{889AA9D7-10B4-4A2B-9B90-B2B03E199322}.Debug|x64.ActiveCfg = Debug|Any CPU
		{889AA9D7-10B4-4A2B-9B90-B2B03E199322}.Debug|x64.Build.0 = Debug|Any CPU
		{889AA9D7-10B4-4A2B-9B90-B2B03E199322}.Debug|x86.ActiveCfg = Debug|Any CPU
		{889AA9D7-10B4-4A2B-9B90-B2B03E199322}.Debug|x86.Build.0 = Debug|Any CPU
		{889AA9D7-10B4-4A2B-9B90-B2B03E199322}.Release|Any CPU.ActiveCfg = Release|Any CPU
		{889AA9D7-10B4-4A2B-9B90-B2B03E199322}.Release|Any CPU.Build.0 = Release|Any CPU
		{889AA9D7-10B4-4A2B-9B90-B2B03E199322}.Release|ARM.ActiveCfg = Release|Any CPU
		{889AA9D7-10B4-4A2B-9B90-B2B03E199322}.Release|ARM.Build.0 = Release|Any CPU
		{889AA9D7-10B4-4A2B-9B90-B2B03E199322}.Release|iPhone.ActiveCfg = Release|Any CPU
		{889AA9D7-10B4-4A2B-9B90-B2B03E199322}.Release|iPhone.Build.0 = Release|Any CPU
		{889AA9D7-10B4-4A2B-9B90-B2B03E199322}.Release|iPhoneSimulator.ActiveCfg = Release|Any CPU
		{889AA9D7-10B4-4A2B-9B90-B2B03E199322}.Release|iPhoneSimulator.Build.0 = Release|Any CPU
		{889AA9D7-10B4-4A2B-9B90-B2B03E199322}.Release|x64.ActiveCfg = Release|Any CPU
		{889AA9D7-10B4-4A2B-9B90-B2B03E199322}.Release|x64.Build.0 = Release|Any CPU
		{889AA9D7-10B4-4A2B-9B90-B2B03E199322}.Release|x86.ActiveCfg = Release|Any CPU
		{889AA9D7-10B4-4A2B-9B90-B2B03E199322}.Release|x86.Build.0 = Release|Any CPU
	EndGlobalSection
	GlobalSection(SolutionProperties) = preSolution
		HideSolutionNode = FALSE
	EndGlobalSection
EndGlobal
